
Microsoft Visual Studio Solution File, Format Version 12.00
# Visual Studio Version 17
VisualStudioVersion = 17.1.32328.378
MinimumVisualStudioVersion = 10.0.40219.1
Project("{FAE04EC0-301F-11D3-BF4B-00C04F79EFBC}") = "EscoGelatoFlavorScraper", "EscoGelatoFlavorScraper\EscoGelatoFlavorScraper.csproj", "{1153F3CB-8679-4841-921C-7583BC18FFF2}"
EndProject
Global
	GlobalSection(SolutionConfigurationPlatforms) = preSolution
		Debug|Any CPU = Debug|Any CPU
		Release|Any CPU = Release|Any CPU
	EndGlobalSection
	GlobalSection(ProjectConfigurationPlatforms) = postSolution
		{1153F3CB-8679-4841-921C-7583BC18FFF2}.Debug|Any CPU.ActiveCfg = Debug|Any CPU
		{1153F3CB-8679-4841-921C-7583BC18FFF2}.Debug|Any CPU.Build.0 = Debug|Any CPU
		{1153F3CB-8679-4841-921C-7583BC18FFF2}.Release|Any CPU.ActiveCfg = Release|Any CPU
		{1153F3CB-8679-4841-921C-7583BC18FFF2}.Release|Any CPU.Build.0 = Release|Any CPU
	EndGlobalSection
	GlobalSection(SolutionProperties) = preSolution
		HideSolutionNode = FALSE
	EndGlobalSection
	GlobalSection(ExtensibilityGlobals) = postSolution
		SolutionGuid = {B872CDE7-AA6E-4F66-B49A-6C9EB6C639FA}
	EndGlobalSection
EndGlobal
